
Microsoft Visual Studio Solution File, Format Version 12.00
# Visual Studio Version 17
VisualStudioVersion = 17.11.35222.181
MinimumVisualStudioVersion = 10.0.40219.1
Project("{FAE04EC0-301F-11D3-BF4B-00C04F79EFBC}") = "ProyectoBVSV_Visgarra_Godino_Da Silva_Diaz_Orlandi", "ProyectoBVSV_Visgarra_Godino_Da Silva_Diaz_Orlandi.csproj", "{1761CBCC-2D66-4ABB-A277-9BC615612FA9}"
EndProject
Global
	GlobalSection(SolutionConfigurationPlatforms) = preSolution
		Debug|Any CPU = Debug|Any CPU
		Release|Any CPU = Release|Any CPU
	EndGlobalSection
	GlobalSection(ProjectConfigurationPlatforms) = postSolution
		{1761CBCC-2D66-4ABB-A277-9BC615612FA9}.Debug|Any CPU.ActiveCfg = Debug|Any CPU
		{1761CBCC-2D66-4ABB-A277-9BC615612FA9}.Debug|Any CPU.Build.0 = Debug|Any CPU
		{1761CBCC-2D66-4ABB-A277-9BC615612FA9}.Release|Any CPU.ActiveCfg = Release|Any CPU
		{1761CBCC-2D66-4ABB-A277-9BC615612FA9}.Release|Any CPU.Build.0 = Release|Any CPU
	EndGlobalSection
	GlobalSection(SolutionProperties) = preSolution
		HideSolutionNode = FALSE
	EndGlobalSection
	GlobalSection(ExtensibilityGlobals) = postSolution
		SolutionGuid = {3D95A8FF-8773-4B6F-B7A4-CA3D35C58EC9}
	EndGlobalSection
EndGlobal
